
Microsoft Visual Studio Solution File, Format Version 12.00
# Visual Studio Version 17
VisualStudioVersion = 17.3.32929.385
MinimumVisualStudioVersion = 10.0.40219.1
Project("{FAE04EC0-301F-11D3-BF4B-00C04F79EFBC}") = "ConsoleApp2", "ConsoleApp2\ConsoleApp2.csproj", "{0BEE574E-6116-4B35-9674-8E750E7F5A54}"
EndProject
Global
	GlobalSection(SolutionConfigurationPlatforms) = preSolution
		Debug|Any CPU = Debug|Any CPU
		Release|Any CPU = Release|Any CPU
	EndGlobalSection
	GlobalSection(ProjectConfigurationPlatforms) = postSolution
		{0BEE574E-6116-4B35-9674-8E750E7F5A54}.Debug|Any CPU.ActiveCfg = Debug|Any CPU
		{0BEE574E-6116-4B35-9674-8E750E7F5A54}.Debug|Any CPU.Build.0 = Debug|Any CPU
		{0BEE574E-6116-4B35-9674-8E750E7F5A54}.Release|Any CPU.ActiveCfg = Release|Any CPU
		{0BEE574E-6116-4B35-9674-8E750E7F5A54}.Release|Any CPU.Build.0 = Release|Any CPU
	EndGlobalSection
	GlobalSection(SolutionProperties) = preSolution
		HideSolutionNode = FALSE
	EndGlobalSection
	GlobalSection(ExtensibilityGlobals) = postSolution
		SolutionGuid = {C8C9A85F-ABC5-4F41-8E4A-AED3D0CBB16B}
	EndGlobalSection
EndGlobal
